
Microsoft Visual Studio Solution File, Format Version 12.00
# Visual Studio Version 17
VisualStudioVersion = 17.11.35208.52
MinimumVisualStudioVersion = 10.0.40219.1
Project("{FAE04EC0-301F-11D3-BF4B-00C04F79EFBC}") = "MyMLApp", "MyMLApp\MyMLApp.csproj", "{19C34C83-8E25-4574-BA7E-1E88E386B76B}"
EndProject
Global
	GlobalSection(SolutionConfigurationPlatforms) = preSolution
		Debug|Any CPU = Debug|Any CPU
		Release|Any CPU = Release|Any CPU
	EndGlobalSection
	GlobalSection(ProjectConfigurationPlatforms) = postSolution
		{19C34C83-8E25-4574-BA7E-1E88E386B76B}.Debug|Any CPU.ActiveCfg = Debug|Any CPU
		{19C34C83-8E25-4574-BA7E-1E88E386B76B}.Debug|Any CPU.Build.0 = Debug|Any CPU
		{19C34C83-8E25-4574-BA7E-1E88E386B76B}.Release|Any CPU.ActiveCfg = Release|Any CPU
		{19C34C83-8E25-4574-BA7E-1E88E386B76B}.Release|Any CPU.Build.0 = Release|Any CPU
	EndGlobalSection
	GlobalSection(SolutionProperties) = preSolution
		HideSolutionNode = FALSE
	EndGlobalSection
	GlobalSection(ExtensibilityGlobals) = postSolution
		SolutionGuid = {69CE6EAA-1DF3-45CA-86D9-8D02120147F8}
	EndGlobalSection
EndGlobal
